// !$*UTF8*$!
{
	archiveVersion = 1;
	classes = {
	};
	objectVersion = 50;
	objects = {

/* Begin PBXBuildFile section */
		1382E7AC26059EDC005FF884 /* AppDelegate.swift in Sources */ = {isa = PBXBuildFile; fileRef = 1382E7AB26059EDC005FF884 /* AppDelegate.swift */; };
		1382E7AE26059EDC005FF884 /* SceneDelegate.swift in Sources */ = {isa = PBXBuildFile; fileRef = 1382E7AD26059EDC005FF884 /* SceneDelegate.swift */; };
		1382E7B026059EDC005FF884 /* ViewController.swift in Sources */ = {isa = PBXBuildFile; fileRef = 1382E7AF26059EDC005FF884 /* ViewController.swift */; };
		1382E7B326059EDC005FF884 /* Main.storyboard in Resources */ = {isa = PBXBuildFile; fileRef = 1382E7B126059EDC005FF884 /* Main.storyboard */; };
		1382E7B526059EDD005FF884 /* Assets.xcassets in Resources */ = {isa = PBXBuildFile; fileRef = 1382E7B426059EDD005FF884 /* Assets.xcassets */; };
		1382E7B826059EDD005FF884 /* LaunchScreen.storyboard in Resources */ = {isa = PBXBuildFile; fileRef = 1382E7B626059EDD005FF884 /* LaunchScreen.storyboard */; };
		1382E7C326059EDE005FF884 /* ParstagramTests.swift in Sources */ = {isa = PBXBuildFile; fileRef = 1382E7C226059EDE005FF884 /* ParstagramTests.swift */; };
		1382E7CE26059EDE005FF884 /* ParstagramUITests.swift in Sources */ = {isa = PBXBuildFile; fileRef = 1382E7CD26059EDE005FF884 /* ParstagramUITests.swift */; };
/* End PBXBuildFile section */

/* Begin PBXContainerItemProxy section */
		1382E7BF26059EDE005FF884 /* PBXContainerItemProxy */ = {
			isa = PBXContainerItemProxy;
			containerPortal = 1382E7A026059EDC005FF884 /* Project object */;
			proxyType = 1;
			remoteGlobalIDString = 1382E7A726059EDC005FF884;
			remoteInfo = Parstagram;
		};
		1382E7CA26059EDE005FF884 /* PBXContainerItemProxy */ = {
			isa = PBXContainerItemProxy;
			containerPortal = 1382E7A026059EDC005FF884 /* Project object */;
			proxyType = 1;
			remoteGlobalIDString = 1382E7A726059EDC005FF884;
			remoteInfo = Parstagram;
		};
/* End PBXContainerItemProxy section */

/* Begin PBXFileReference section */
		1382E7A826059EDC005FF884 /* Parstagram.app */ = {isa = PBXFileReference; explicitFileType = wrapper.application; includeInIndex = 0; path = Parstagram.app; sourceTree = BUILT_PRODUCTS_DIR; };
		1382E7AB26059EDC005FF884 /* AppDelegate.swift */ = {isa = PBXFileReference; lastKnownFileType = sourcecode.swift; path = AppDelegate.swift; sourceTree = "<group>"; };
		1382E7AD26059EDC005FF884 /* SceneDelegate.swift */ = {isa = PBXFileReference; lastKnownFileType = sourcecode.swift; path = SceneDelegate.swift; sourceTree = "<group>"; };
		1382E7AF26059EDC005FF884 /* ViewController.swift */ = {isa = PBXFileReference; lastKnownFileType = sourcecode.swift; path = ViewController.swift; sourceTree = "<group>"; };
		1382E7B226059EDC005FF884 /* Base */ = {isa = PBXFileReference; lastKnownFileType = file.storyboard; name = Base; path = Base.lproj/Main.storyboard; sourceTree = "<group>"; };
		1382E7B426059EDD005FF884 /* Assets.xcassets */ = {isa = PBXFileReference; lastKnownFileType = folder.assetcatalog; path = Assets.xcassets; sourceTree = "<group>"; };
		1382E7B726059EDD005FF884 /* Base */ = {isa = PBXFileReference; lastKnownFileType = file.storyboard; name = Base; path = Base.lproj/LaunchScreen.storyboard; sourceTree = "<group>"; };
		1382E7B926059EDD005FF884 /* Info.plist */ = {isa = PBXFileReference; lastKnownFileType = text.plist.xml; path = Info.plist; sourceTree = "<group>"; };
		1382E7BE26059EDE005FF884 /* ParstagramTests.xctest */ = {isa = PBXFileReference; explicitFileType = wrapper.cfbundle; includeInIndex = 0; path = ParstagramTests.xctest; sourceTree = BUILT_PRODUCTS_DIR; };
		1382E7C226059EDE005FF884 /* ParstagramTests.swift */ = {isa = PBXFileReference; lastKnownFileType = sourcecode.swift; path = ParstagramTests.swift; sourceTree = "<group>"; };
		1382E7C426059EDE005FF884 /* Info.plist */ = {isa = PBXFileReference; lastKnownFileType = text.plist.xml; path = Info.plist; sourceTree = "<group>"; };
		1382E7C926059EDE005FF884 /* ParstagramUITests.xctest */ = {isa = PBXFileReference; explicitFileType = wrapper.cfbundle; includeInIndex = 0; path = ParstagramUITests.xctest; sourceTree = BUILT_PRODUCTS_DIR; };
		1382E7CD26059EDE005FF884 /* ParstagramUITests.swift */ = {isa = PBXFileReference; lastKnownFileType = sourcecode.swift; path = ParstagramUITests.swift; sourceTree = "<group>"; };
		1382E7CF26059EDE005FF884 /* Info.plist */ = {isa = PBXFileReference; lastKnownFileType = text.plist.xml; path = Info.plist; sourceTree = "<group>"; };
/* End PBXFileReference section */

/* Begin PBXFrameworksBuildPhase section */
		1382E7A526059EDC005FF884 /* Frameworks */ = {
			isa = PBXFrameworksBuildPhase;
			buildActionMask = 2147483647;
			files = (
			);
			runOnlyForDeploymentPostprocessing = 0;
		};
		1382E7BB26059EDE005FF884 /* Frameworks */ = {
			isa = PBXFrameworksBuildPhase;
			buildActionMask = 2147483647;
			files = (
			);
			runOnlyForDeploymentPostprocessing = 0;
		};
		1382E7C626059EDE005FF884 /* Frameworks */ = {
			isa = PBXFrameworksBuildPhase;
			buildActionMask = 2147483647;
			files = (
			);
			runOnlyForDeploymentPostprocessing = 0;
		};
/* End PBXFrameworksBuildPhase section */

/* Begin PBXGroup section */
		1382E79F26059EDC005FF884 = {
			isa = PBXGroup;
			children = (
				1382E7AA26059EDC005FF884 /* Parstagram */,
				1382E7C126059EDE005FF884 /* ParstagramTests */,
				1382E7CC26059EDE005FF884 /* ParstagramUITests */,
				1382E7A926059EDC005FF884 /* Products */,
			);
			sourceTree = "<group>";
		};
		1382E7A926059EDC005FF884 /* Products */ = {
			isa = PBXGroup;
			children = (
				1382E7A826059EDC005FF884 /* Parstagram.app */,
				1382E7BE26059EDE005FF884 /* ParstagramTests.xctest */,
				1382E7C926059EDE005FF884 /* ParstagramUITests.xctest */,
			);
			name = Products;
			sourceTree = "<group>";
		};
		1382E7AA26059EDC005FF884 /* Parstagram */ = {
			isa = PBXGroup;
			children = (
				1382E7AB26059EDC005FF884 /* AppDelegate.swift */,
				1382E7AD26059EDC005FF884 /* SceneDelegate.swift */,
				1382E7AF26059EDC005FF884 /* ViewController.swift */,
				1382E7B126059EDC005FF884 /* Main.storyboard */,
				1382E7B426059EDD005FF884 /* Assets.xcassets */,
				1382E7B626059EDD005FF884 /* LaunchScreen.storyboard */,
				1382E7B926059EDD005FF884 /* Info.plist */,
			);
			path = Parstagram;
			sourceTree = "<group>";
		};
		1382E7C126059EDE005FF884 /* ParstagramTests */ = {
			isa = PBXGroup;
			children = (
				1382E7C226059EDE005FF884 /* ParstagramTests.swift */,
				1382E7C426059EDE005FF884 /* Info.plist */,
			);
			path = ParstagramTests;
			sourceTree = "<group>";
		};
		1382E7CC26059EDE005FF884 /* ParstagramUITests */ = {
			isa = PBXGroup;
			children = (
				1382E7CD26059EDE005FF884 /* ParstagramUITests.swift */,
				1382E7CF26059EDE005FF884 /* Info.plist */,
			);
			path = ParstagramUITests;
			sourceTree = "<group>";
		};
/* End PBXGroup section */

/* Begin PBXNativeTarget section */
		1382E7A726059EDC005FF884 /* Parstagram */ = {
			isa = PBXNativeTarget;
			buildConfigurationList = 1382E7D226059EDE005FF884 /* Build configuration list for PBXNativeTarget "Parstagram" */;
			buildPhases = (
				1382E7A426059EDC005FF884 /* Sources */,
				1382E7A526059EDC005FF884 /* Frameworks */,
				1382E7A626059EDC005FF884 /* Resources */,
			);
			buildRules = (
			);
			dependencies = (
			);
			name = Parstagram;
			productName = Parstagram;
			productReference = 1382E7A826059EDC005FF884 /* Parstagram.app */;
			productType = "com.apple.product-type.application";
		};
		1382E7BD26059EDE005FF884 /* ParstagramTests */ = {
			isa = PBXNativeTarget;
			buildConfigurationList = 1382E7D526059EDE005FF884 /* Build configuration list for PBXNativeTarget "ParstagramTests" */;
			buildPhases = (
				1382E7BA26059EDE005FF884 /* Sources */,
				1382E7BB26059EDE005FF884 /* Frameworks */,
				1382E7BC26059EDE005FF884 /* Resources */,
			);
			buildRules = (
			);
			dependencies = (
				1382E7C026059EDE005FF884 /* PBXTargetDependency */,
			);
			name = ParstagramTests;
			productName = ParstagramTests;
			productReference = 1382E7BE26059EDE005FF884 /* ParstagramTests.xctest */;
			productType = "com.apple.product-type.bundle.unit-test";
		};
		1382E7C826059EDE005FF884 /* ParstagramUITests */ = {
			isa = PBXNativeTarget;
			buildConfigurationList = 1382E7D826059EDE005FF884 /* Build configuration list for PBXNativeTarget "ParstagramUITests" */;
			buildPhases = (
				1382E7C526059EDE005FF884 /* Sources */,
				1382E7C626059EDE005FF884 /* Frameworks */,
				1382E7C726059EDE005FF884 /* Resources */,
			);
			buildRules = (
			);
			dependencies = (
				1382E7CB26059EDE005FF884 /* PBXTargetDependency */,
			);
			name = ParstagramUITests;
			productName = ParstagramUITests;
			productReference = 1382E7C926059EDE005FF884 /* ParstagramUITests.xctest */;
			productType = "com.apple.product-type.bundle.ui-testing";
		};
/* End PBXNativeTarget section */

/* Begin PBXProject section */
		1382E7A026059EDC005FF884 /* Project object */ = {
			isa = PBXProject;
			attributes = {
				LastSwiftUpdateCheck = 1240;
				LastUpgradeCheck = 1240;
				TargetAttributes = {
					1382E7A726059EDC005FF884 = {
						CreatedOnToolsVersion = 12.4;
					};
					1382E7BD26059EDE005FF884 = {
						CreatedOnToolsVersion = 12.4;
						TestTargetID = 1382E7A726059EDC005FF884;
					};
					1382E7C826059EDE005FF884 = {
						CreatedOnToolsVersion = 12.4;
						TestTargetID = 1382E7A726059EDC005FF884;
					};
				};
			};
			buildConfigurationList = 1382E7A326059EDC005FF884 /* Build configuration list for PBXProject "Parstagram" */;
			compatibilityVersion = "Xcode 9.3";
			developmentRegion = en;
			hasScannedForEncodings = 0;
			knownRegions = (
				en,
				Base,
			);
			mainGroup = 1382E79F26059EDC005FF884;
			productRefGroup = 1382E7A926059EDC005FF884 /* Products */;
			projectDirPath = "";
			projectRoot = "";
			targets = (
				1382E7A726059EDC005FF884 /* Parstagram */,
				1382E7BD26059EDE005FF884 /* ParstagramTests */,
				1382E7C826059EDE005FF884 /* ParstagramUITests */,
			);
		};
/* End PBXProject section */

/* Begin PBXResourcesBuildPhase section */
		1382E7A626059EDC005FF884 /* Resources */ = {
			isa = PBXResourcesBuildPhase;
			buildActionMask = 2147483647;
			files = (
				1382E7B826059EDD005FF884 /* LaunchScreen.storyboard in Resources */,
				1382E7B526059EDD005FF884 /* Assets.xcassets in Resources */,
				1382E7B326059EDC005FF884 /* Main.storyboard in Resources */,
			);
			runOnlyForDeploymentPostprocessing = 0;
		};
		1382E7BC26059EDE005FF884 /* Resources */ = {
			isa = PBXResourcesBuildPhase;
			buildActionMask = 2147483647;
			files = (
			);
			runOnlyForDeploymentPostprocessing = 0;
		};
		1382E7C726059EDE005FF884 /* Resources */ = {
			isa = PBXResourcesBuildPhase;
			buildActionMask = 2147483647;
			files = (
			);
			runOnlyForDeploymentPostprocessing = 0;
		};
/* End PBXResourcesBuildPhase section */

/* Begin PBXSourcesBuildPhase section */
		1382E7A426059EDC005FF884 /* Sources */ = {
			isa = PBXSourcesBuildPhase;
			buildActionMask = 2147483647;
			files = (
				1382E7B026059EDC005FF884 /* ViewController.swift in Sources */,
				1382E7AC26059EDC005FF884 /* AppDelegate.swift in Sources */,
				1382E7AE26059EDC005FF884 /* SceneDelegate.swift in Sources */,
			);
			runOnlyForDeploymentPostprocessing = 0;
		};
		1382E7BA26059EDE005FF884 /* Sources */ = {
			isa = PBXSourcesBuildPhase;
			buildActionMask = 2147483647;
			files = (
				1382E7C326059EDE005FF884 /* ParstagramTests.swift in Sources */,
			);
			runOnlyForDeploymentPostprocessing = 0;
		};
		1382E7C526059EDE005FF884 /* Sources */ = {
			isa = PBXSourcesBuildPhase;
			buildActionMask = 2147483647;
			files = (
				1382E7CE26059EDE005FF884 /* ParstagramUITests.swift in Sources */,
			);
			runOnlyForDeploymentPostprocessing = 0;
		};
/* End PBXSourcesBuildPhase section */

/* Begin PBXTargetDependency section */
		1382E7C026059EDE005FF884 /* PBXTargetDependency */ = {
			isa = PBXTargetDependency;
			target = 1382E7A726059EDC005FF884 /* Parstagram */;
			targetProxy = 1382E7BF26059EDE005FF884 /* PBXContainerItemProxy */;
		};
		1382E7CB26059EDE005FF884 /* PBXTargetDependency */ = {
			isa = PBXTargetDependency;
			target = 1382E7A726059EDC005FF884 /* Parstagram */;
			targetProxy = 1382E7CA26059EDE005FF884 /* PBXContainerItemProxy */;
		};
/* End PBXTargetDependency section */

/* Begin PBXVariantGroup section */
		1382E7B126059EDC005FF884 /* Main.storyboard */ = {
			isa = PBXVariantGroup;
			children = (
				1382E7B226059EDC005FF884 /* Base */,
			);
			name = Main.storyboard;
			sourceTree = "<group>";
		};
		1382E7B626059EDD005FF884 /* LaunchScreen.storyboard */ = {
			isa = PBXVariantGroup;
			children = (
				1382E7B726059EDD005FF884 /* Base */,
			);
			name = LaunchScreen.storyboard;
			sourceTree = "<group>";
		};
/* End PBXVariantGroup section */

/* Begin XCBuildConfiguration section */
		1382E7D026059EDE005FF884 /* Debug */ = {
			isa = XCBuildConfiguration;
			buildSettings = {
				ALWAYS_SEARCH_USER_PATHS = NO;
				CLANG_ANALYZER_NONNULL = YES;
				CLANG_ANALYZER_NUMBER_OBJECT_CONVERSION = YES_AGGRESSIVE;
				CLANG_CXX_LANGUAGE_STANDARD = "gnu++14";
				CLANG_CXX_LIBRARY = "libc++";
				CLANG_ENABLE_MODULES = YES;
				CLANG_ENABLE_OBJC_ARC = YES;
				CLANG_ENABLE_OBJC_WEAK = YES;
				CLANG_WARN_BLOCK_CAPTURE_AUTORELEASING = YES;
				CLANG_WARN_BOOL_CONVERSION = YES;
				CLANG_WARN_COMMA = YES;
				CLANG_WARN_CONSTANT_CONVERSION = YES;
				CLANG_WARN_DEPRECATED_OBJC_IMPLEMENTATIONS = YES;
				CLANG_WARN_DIRECT_OBJC_ISA_USAGE = YES_ERROR;
				CLANG_WARN_DOCUMENTATION_COMMENTS = YES;
				CLANG_WARN_EMPTY_BODY = YES;
				CLANG_WARN_ENUM_CONVERSION = YES;
				CLANG_WARN_INFINITE_RECURSION = YES;
				CLANG_WARN_INT_CONVERSION = YES;
				CLANG_WARN_NON_LITERAL_NULL_CONVERSION = YES;
				CLANG_WARN_OBJC_IMPLICIT_RETAIN_SELF = YES;
				CLANG_WARN_OBJC_LITERAL_CONVERSION = YES;
				CLANG_WARN_OBJC_ROOT_CLASS = YES_ERROR;
				CLANG_WARN_QUOTED_INCLUDE_IN_FRAMEWORK_HEADER = YES;
				CLANG_WARN_RANGE_LOOP_ANALYSIS = YES;
				CLANG_WARN_STRICT_PROTOTYPES = YES;
				CLANG_WARN_SUSPICIOUS_MOVE = YES;
				CLANG_WARN_UNGUARDED_AVAILABILITY = YES_AGGRESSIVE;
				CLANG_WARN_UNREACHABLE_CODE = YES;
				CLANG_WARN__DUPLICATE_METHOD_MATCH = YES;
				COPY_PHASE_STRIP = NO;
				DEBUG_INFORMATION_FORMAT = dwarf;
				ENABLE_STRICT_OBJC_MSGSEND = YES;
				ENABLE_TESTABILITY = YES;
				GCC_C_LANGUAGE_STANDARD = gnu11;
				GCC_DYNAMIC_NO_PIC = NO;
				GCC_NO_COMMON_BLOCKS = YES;
				GCC_OPTIMIZATION_LEVEL = 0;
				GCC_PREPROCESSOR_DEFINITIONS = (
					"DEBUG=1",
					"$(inherited)",
				);
				GCC_WARN_64_TO_32_BIT_CONVERSION = YES;
				GCC_WARN_ABOUT_RETURN_TYPE = YES_ERROR;
				GCC_WARN_UNDECLARED_SELECTOR = YES;
				GCC_WARN_UNINITIALIZED_AUTOS = YES_AGGRESSIVE;
				GCC_WARN_UNUSED_FUNCTION = YES;
				GCC_WARN_UNUSED_VARIABLE = YES;
				IPHONEOS_DEPLOYMENT_TARGET = 14.4;
				MTL_ENABLE_DEBUG_INFO = INCLUDE_SOURCE;
				MTL_FAST_MATH = YES;
				ONLY_ACTIVE_ARCH = YES;
				SDKROOT = iphoneos;
				SWIFT_ACTIVE_COMPILATION_CONDITIONS = DEBUG;
				SWIFT_OPTIMIZATION_LEVEL = "-Onone";
			};
			name = Debug;
		};
		1382E7D126059EDE005FF884 /* Release */ = {
			isa = XCBuildConfiguration;
			buildSettings = {
				ALWAYS_SEARCH_USER_PATHS = NO;
				CLANG_ANALYZER_NONNULL = YES;
				CLANG_ANALYZER_NUMBER_OBJECT_CONVERSION = YES_AGGRESSIVE;
				CLANG_CXX_LANGUAGE_STANDARD = "gnu++14";
				CLANG_CXX_LIBRARY = "libc++";
				CLANG_ENABLE_MODULES = YES;
				CLANG_ENABLE_OBJC_ARC = YES;
				CLANG_ENABLE_OBJC_WEAK = YES;
				CLANG_WARN_BLOCK_CAPTURE_AUTORELEASING = YES;
				CLANG_WARN_BOOL_CONVERSION = YES;
				CLANG_WARN_COMMA = YES;
				CLANG_WARN_CONSTANT_CONVERSION = YES;
				CLANG_WARN_DEPRECATED_OBJC_IMPLEMENTATIONS = YES;
				CLANG_WARN_DIRECT_OBJC_ISA_USAGE = YES_ERROR;
				CLANG_WARN_DOCUMENTATION_COMMENTS = YES;
				CLANG_WARN_EMPTY_BODY = YES;
				CLANG_WARN_ENUM_CONVERSION = YES;
				CLANG_WARN_INFINITE_RECURSION = YES;
				CLANG_WARN_INT_CONVERSION = YES;
				CLANG_WARN_NON_LITERAL_NULL_CONVERSION = YES;
				CLANG_WARN_OBJC_IMPLICIT_RETAIN_SELF = YES;
				CLANG_WARN_OBJC_LITERAL_CONVERSION = YES;
				CLANG_WARN_OBJC_ROOT_CLASS = YES_ERROR;
				CLANG_WARN_QUOTED_INCLUDE_IN_FRAMEWORK_HEADER = YES;
				CLANG_WARN_RANGE_LOOP_ANALYSIS = YES;
				CLANG_WARN_STRICT_PROTOTYPES = YES;
				CLANG_WARN_SUSPICIOUS_MOVE = YES;
				CLANG_WARN_UNGUARDED_AVAILABILITY = YES_AGGRESSIVE;
				CLANG_WARN_UNREACHABLE_CODE = YES;
				CLANG_WARN__DUPLICATE_METHOD_MATCH = YES;
				COPY_PHASE_STRIP = NO;
				DEBUG_INFORMATION_FORMAT = "dwarf-with-dsym";
				ENABLE_NS_ASSERTIONS = NO;
				ENABLE_STRICT_OBJC_MSGSEND = YES;
				GCC_C_LANGUAGE_STANDARD = gnu11;
				GCC_NO_COMMON_BLOCKS = YES;
				GCC_WARN_64_TO_32_BIT_CONVERSION = YES;
				GCC_WARN_ABOUT_RETURN_TYPE = YES_ERROR;
				GCC_WARN_UNDECLARED_SELECTOR = YES;
				GCC_WARN_UNINITIALIZED_AUTOS = YES_AGGRESSIVE;
				GCC_WARN_UNUSED_FUNCTION = YES;
				GCC_WARN_UNUSED_VARIABLE = YES;
				IPHONEOS_DEPLOYMENT_TARGET = 14.4;
				MTL_ENABLE_DEBUG_INFO = NO;
				MTL_FAST_MATH = YES;
				SDKROOT = iphoneos;
				SWIFT_COMPILATION_MODE = wholemodule;
				SWIFT_OPTIMIZATION_LEVEL = "-O";
				VALIDATE_PRODUCT = YES;
			};
			name = Release;
		};
		1382E7D326059EDE005FF884 /* Debug */ = {
			isa = XCBuildConfiguration;
			buildSettings = {
				ASSETCATALOG_COMPILER_APPICON_NAME = AppIcon;
				ASSETCATALOG_COMPILER_GLOBAL_ACCENT_COLOR_NAME = AccentColor;
				CODE_SIGN_STYLE = Automatic;
				DEVELOPMENT_TEAM = GHUJM3NP68;
				INFOPLIST_FILE = Parstagram/Info.plist;
				LD_RUNPATH_SEARCH_PATHS = (
					"$(inherited)",
					"@executable_path/Frameworks",
				);
				PRODUCT_BUNDLE_IDENTIFIER = FailWhale.Parstagram;
				PRODUCT_NAME = "$(TARGET_NAME)";
				SWIFT_VERSION = 5.0;
				TARGETED_DEVICE_FAMILY = "1,2";
			};
			name = Debug;
		};
		1382E7D426059EDE005FF884 /* Release */ = {
			isa = XCBuildConfiguration;
			buildSettings = {
				ASSETCATALOG_COMPILER_APPICON_NAME = AppIcon;
				ASSETCATALOG_COMPILER_GLOBAL_ACCENT_COLOR_NAME = AccentColor;
				CODE_SIGN_STYLE = Automatic;
				DEVELOPMENT_TEAM = GHUJM3NP68;
				INFOPLIST_FILE = Parstagram/Info.plist;
				LD_RUNPATH_SEARCH_PATHS = (
					"$(inherited)",
					"@executable_path/Frameworks",
				);
				PRODUCT_BUNDLE_IDENTIFIER = FailWhale.Parstagram;
				PRODUCT_NAME = "$(TARGET_NAME)";
				SWIFT_VERSION = 5.0;
				TARGETED_DEVICE_FAMILY = "1,2";
			};
			name = Release;
		};
		1382E7D626059EDE005FF884 /* Debug */ = {
			isa = XCBuildConfiguration;
			buildSettings = {
				ALWAYS_EMBED_SWIFT_STANDARD_LIBRARIES = YES;
				BUNDLE_LOADER = "$(TEST_HOST)";
				CODE_SIGN_STYLE = Automatic;
				DEVELOPMENT_TEAM = GHUJM3NP68;
				INFOPLIST_FILE = ParstagramTests/Info.plist;
				IPHONEOS_DEPLOYMENT_TARGET = 14.4;
				LD_RUNPATH_SEARCH_PATHS = (
					"$(inherited)",
					"@executable_path/Frameworks",
					"@loader_path/Frameworks",
				);
				PRODUCT_BUNDLE_IDENTIFIER = FailWhale.ParstagramTests;
				PRODUCT_NAME = "$(TARGET_NAME)";
				SWIFT_VERSION = 5.0;
				TARGETED_DEVICE_FAMILY = "1,2";
				TEST_HOST = "$(BUILT_PRODUCTS_DIR)/Parstagram.app/Parstagram";
			};
			name = Debug;
		};
		1382E7D726059EDE005FF884 /* Release */ = {
			isa = XCBuildConfiguration;
			buildSettings = {
				ALWAYS_EMBED_SWIFT_STANDARD_LIBRARIES = YES;
				BUNDLE_LOADER = "$(TEST_HOST)";
				CODE_SIGN_STYLE = Automatic;
				DEVELOPMENT_TEAM = GHUJM3NP68;
				INFOPLIST_FILE = ParstagramTests/Info.plist;
				IPHONEOS_DEPLOYMENT_TARGET = 14.4;
				LD_RUNPATH_SEARCH_PATHS = (
					"$(inherited)",
					"@executable_path/Frameworks",
					"@loader_path/Frameworks",
				);
				PRODUCT_BUNDLE_IDENTIFIER = FailWhale.ParstagramTests;
				PRODUCT_NAME = "$(TARGET_NAME)";
				SWIFT_VERSION = 5.0;
				TARGETED_DEVICE_FAMILY = "1,2";
				TEST_HOST = "$(BUILT_PRODUCTS_DIR)/Parstagram.app/Parstagram";
			};
			name = Release;
		};
		1382E7D926059EDE005FF884 /* Debug */ = {
			isa = XCBuildConfiguration;
			buildSettings = {
				ALWAYS_EMBED_SWIFT_STANDARD_LIBRARIES = YES;
				CODE_SIGN_STYLE = Automatic;
				DEVELOPMENT_TEAM = GHUJM3NP68;
				INFOPLIST_FILE = ParstagramUITests/Info.plist;
				LD_RUNPATH_SEARCH_PATHS = (
					"$(inherited)",
					"@executable_path/Frameworks",
					"@loader_path/Frameworks",
				);
				PRODUCT_BUNDLE_IDENTIFIER = FailWhale.ParstagramUITests;
				PRODUCT_NAME = "$(TARGET_NAME)";
				SWIFT_VERSION = 5.0;
				TARGETED_DEVICE_FAMILY = "1,2";
				TEST_TARGET_NAME = Parstagram;
			};
			name = Debug;
		};
		1382E7DA26059EDE005FF884 /* Release */ = {
			isa = XCBuildConfiguration;
			buildSettings = {
				ALWAYS_EMBED_SWIFT_STANDARD_LIBRARIES = YES;
				CODE_SIGN_STYLE = Automatic;
				DEVELOPMENT_TEAM = GHUJM3NP68;
				INFOPLIST_FILE = ParstagramUITests/Info.plist;
				LD_RUNPATH_SEARCH_PATHS = (
					"$(inherited)",
					"@executable_path/Frameworks",
					"@loader_path/Frameworks",
				);
				PRODUCT_BUNDLE_IDENTIFIER = FailWhale.ParstagramUITests;
				PRODUCT_NAME = "$(TARGET_NAME)";
				SWIFT_VERSION = 5.0;
				TARGETED_DEVICE_FAMILY = "1,2";
				TEST_TARGET_NAME = Parstagram;
			};
			name = Release;
		};
/* End XCBuildConfiguration section */

/* Begin XCConfigurationList section */
		1382E7A326059EDC005FF884 /* Build configuration list for PBXProject "Parstagram" */ = {
			isa = XCConfigurationList;
			buildConfigurations = (
				1382E7D026059EDE005FF884 /* Debug */,
				1382E7D126059EDE005FF884 /* Release */,
			);
			defaultConfigurationIsVisible = 0;
			defaultConfigurationName = Release;
		};
		1382E7D226059EDE005FF884 /* Build configuration list for PBXNativeTarget "Parstagram" */ = {
			isa = XCConfigurationList;
			buildConfigurations = (
				1382E7D326059EDE005FF884 /* Debug */,
				1382E7D426059EDE005FF884 /* Release */,
			);
			defaultConfigurationIsVisible = 0;
			defaultConfigurationName = Release;
		};
		1382E7D526059EDE005FF884 /* Build configuration list for PBXNativeTarget "ParstagramTests" */ = {
			isa = XCConfigurationList;
			buildConfigurations = (
				1382E7D626059EDE005FF884 /* Debug */,
				1382E7D726059EDE005FF884 /* Release */,
			);
			defaultConfigurationIsVisible = 0;
			defaultConfigurationName = Release;
		};
		1382E7D826059EDE005FF884 /* Build configuration list for PBXNativeTarget "ParstagramUITests" */ = {
			isa = XCConfigurationList;
			buildConfigurations = (
				1382E7D926059EDE005FF884 /* Debug */,
				1382E7DA26059EDE005FF884 /* Release */,
			);
			defaultConfigurationIsVisible = 0;
			defaultConfigurationName = Release;
		};
/* End XCConfigurationList section */
	};
	rootObject = 1382E7A026059EDC005FF884 /* Project object */;
}
